{
  "version": 4,
  "terraform_version": "1.0.10",
  "serial": 118,
  "lineage": "b60cb8b8-ddbd-3a51-75d3-31f85bd121a2",
  "outputs": {
    "ec2_id": {
      "value": "i-0fa78fc43696f99f0",
      "type": "string"
    },
    "ec2_ip": {
      "value": "52.91.106.51",
      "type": "string"
    },
    "s3_id": {
      "value": "flugel-test",
      "type": "string"
    }
  },
  "resources": [
    {
      "mode": "managed",
      "type": "aws_instance",
      "name": "EC2-instance",
      "provider": "provider[\"registry.terraform.io/hashicorp/aws\"]",
      "instances": [
        {
          "schema_version": 1,
          "attributes": {
            "ami": "ami-083654bd07b5da81d",
            "arn": "arn:aws:ec2:us-east-1:768585376296:instance/i-0fa78fc43696f99f0",
            "associate_public_ip_address": true,
            "availability_zone": "us-east-1d",
            "capacity_reservation_specification": [
              {
                "capacity_reservation_preference": "open",
                "capacity_reservation_target": []
              }
            ],
            "cpu_core_count": 1,
            "cpu_threads_per_core": 1,
            "credit_specification": [
              {
                "cpu_credits": "standard"
              }
            ],
            "disable_api_termination": false,
            "ebs_block_device": [],
            "ebs_optimized": false,
            "enclave_options": [
              {
                "enabled": false
              }
            ],
            "ephemeral_block_device": [],
            "get_password_data": false,
            "hibernation": false,
            "host_id": null,
            "iam_instance_profile": "",
            "id": "i-0fa78fc43696f99f0",
            "instance_initiated_shutdown_behavior": "stop",
            "instance_state": "running",
            "instance_type": "t2.micro",
            "ipv6_address_count": 0,
            "ipv6_addresses": [],
            "key_name": "aws_key",
            "launch_template": [],
            "metadata_options": [
              {
                "http_endpoint": "enabled",
                "http_put_response_hop_limit": 1,
                "http_tokens": "optional"
              }
            ],
            "monitoring": false,
            "network_interface": [],
            "outpost_arn": "",
            "password_data": "",
            "placement_group": "",
            "placement_partition_number": null,
            "primary_network_interface_id": "eni-0856ee10ffa7b5f77",
            "private_dns": "ip-172-31-83-199.ec2.internal",
            "private_ip": "172.31.83.199",
            "public_dns": "ec2-52-91-106-51.compute-1.amazonaws.com",
            "public_ip": "52.91.106.51",
            "root_block_device": [
              {
                "delete_on_termination": true,
                "device_name": "/dev/sda1",
                "encrypted": false,
                "iops": 100,
                "kms_key_id": "",
                "tags": {},
                "throughput": 0,
                "volume_id": "vol-07de9d637442e7cb5",
                "volume_size": 8,
                "volume_type": "gp2"
              }
            ],
            "secondary_private_ips": [],
            "security_groups": [
              "terraform-20211107175632637200000001"
            ],
            "source_dest_check": true,
            "subnet_id": "subnet-0b8f6c134d9e9a4d2",
            "tags": {
              "Name": "Flugel",
              "Owner": "InfraTeam"
            },
            "tags_all": {
              "Name": "Flugel",
              "Owner": "InfraTeam"
            },
            "tenancy": "default",
            "timeouts": null,
            "user_data": "ccaad744b9cf5be53264e6536d17fa97f2b9dd7a",
            "user_data_base64": null,
            "volume_tags": null,
            "vpc_security_group_ids": [
              "sg-04de9a70f529e2387"
            ]
          },
          "sensitive_attributes": [],
          "private": "eyJlMmJmYjczMC1lY2FhLTExZTYtOGY4OC0zNDM2M2JjN2M0YzAiOnsiY3JlYXRlIjo2MDAwMDAwMDAwMDAsImRlbGV0ZSI6MTIwMDAwMDAwMDAwMCwidXBkYXRlIjo2MDAwMDAwMDAwMDB9LCJzY2hlbWFfdmVyc2lvbiI6IjEifQ==",
          "dependencies": [
            "aws_security_group.main"
          ]
        }
      ]
    },
    {
      "mode": "managed",
      "type": "aws_key_pair",
      "name": "deployer",
      "provider": "provider[\"registry.terraform.io/hashicorp/aws\"]",
      "instances": [
        {
          "schema_version": 1,
          "attributes": {
            "arn": "arn:aws:ec2:us-east-1:768585376296:key-pair/aws_key",
            "fingerprint": "bb:57:82:1f:f5:dc:7d:d6:0d:06:8b:37:a0:46:4b:1b",
            "id": "aws_key",
            "key_name": "aws_key",
            "key_name_prefix": null,
            "key_pair_id": "key-02821d68390e4e129",
            "public_key": "ssh-rsa AAAAB3NzaC1yc2EAAAADAQABAAABAQC8a05weKigFZs2Ad0G6BgxLIhIm1jrOluYacD11glxEwwye/V45ODVTKg/crDKg8E0T6+gVCEoPGgmxhgbLRl55P+PVHOIM2+2VAcSObit/9Y0JIY2jWHf2Dss+lG2oQoCPX4wgQOV0gu+VWiGjjfLA/VvPZkGoVtAKAU21Yj4B7+44sRLgIZCy/Zz6NiHuCgHepbjYqb+Y6AA/hYbtmwG1jCrZ2n28dG05MZnKXcI7XL2TymUJel4yz88d0lhFPSY/sxUkI6B12hfu/Jv7vCTi/OFdKd+U4qzejNA/vUn6T9qKq98e7jcLCFgTzUbyaozHvLQU7YeVftO0FggIqWD ge49yel@ge49yel",
            "tags": null,
            "tags_all": {}
          },
          "sensitive_attributes": [],
          "private": "eyJzY2hlbWFfdmVyc2lvbiI6IjEifQ=="
        }
      ]
    },
    {
      "mode": "managed",
      "type": "aws_s3_bucket",
      "name": "s3-bucket",
      "provider": "provider[\"registry.terraform.io/hashicorp/aws\"]",
      "instances": [
        {
          "schema_version": 0,
          "attributes": {
            "acceleration_status": "",
            "acl": "private",
            "arn": "arn:aws:s3:::flugel-test",
            "bucket": "flugel-test",
            "bucket_domain_name": "flugel-test.s3.amazonaws.com",
            "bucket_prefix": null,
            "bucket_regional_domain_name": "flugel-test.s3.amazonaws.com",
            "cors_rule": [],
            "force_destroy": false,
            "grant": [],
            "hosted_zone_id": "Z3AQBSTGFYJSTF",
            "id": "flugel-test",
            "lifecycle_rule": [],
            "logging": [],
            "object_lock_configuration": [],
            "policy": null,
            "region": "us-east-1",
            "replication_configuration": [],
            "request_payer": "BucketOwner",
            "server_side_encryption_configuration": [],
            "tags": {
              "Name": "Flugel",
              "Owner": "InfraTeam"
            },
            "tags_all": {
              "Name": "Flugel",
              "Owner": "InfraTeam"
            },
            "versioning": [
              {
                "enabled": false,
                "mfa_delete": false
              }
            ],
            "website": [],
            "website_domain": null,
            "website_endpoint": null
          },
          "sensitive_attributes": [],
          "private": "bnVsbA=="
        }
      ]
    },
    {
      "mode": "managed",
      "type": "aws_security_group",
      "name": "main",
      "provider": "provider[\"registry.terraform.io/hashicorp/aws\"]",
      "instances": [
        {
          "schema_version": 1,
          "attributes": {
            "arn": "arn:aws:ec2:us-east-1:768585376296:security-group/sg-04de9a70f529e2387",
            "description": "Managed by Terraform",
            "egress": [
              {
                "cidr_blocks": [
                  "0.0.0.0/0"
                ],
                "description": "",
                "from_port": 0,
                "ipv6_cidr_blocks": [],
                "prefix_list_ids": [],
                "protocol": "-1",
                "security_groups": [],
                "self": false,
                "to_port": 0
              }
            ],
            "id": "sg-04de9a70f529e2387",
            "ingress": [
              {
                "cidr_blocks": [
                  "0.0.0.0/0"
                ],
                "description": "",
                "from_port": 22,
                "ipv6_cidr_blocks": [],
                "prefix_list_ids": [],
                "protocol": "tcp",
                "security_groups": [],
                "self": false,
                "to_port": 22
              }
            ],
            "name": "terraform-20211107175632637200000001",
            "name_prefix": "terraform-",
            "owner_id": "768585376296",
            "revoke_rules_on_delete": false,
            "tags": null,
            "tags_all": {},
            "timeouts": null,
            "vpc_id": "vpc-0069e88263391e50a"
          },
          "sensitive_attributes": [],
          "private": "eyJlMmJmYjczMC1lY2FhLTExZTYtOGY4OC0zNDM2M2JjN2M0YzAiOnsiY3JlYXRlIjo2MDAwMDAwMDAwMDAsImRlbGV0ZSI6OTAwMDAwMDAwMDAwfSwic2NoZW1hX3ZlcnNpb24iOiIxIn0="
        }
      ]
    }
  ]
}
